
Microsoft Visual Studio Solution File, Format Version 12.00
# Visual Studio Version 17
VisualStudioVersion = 17.4.33213.308
MinimumVisualStudioVersion = 10.0.40219.1
Project("{FAE04EC0-301F-11D3-BF4B-00C04F79EFBC}") = "Wypozyczalnia", "Wypozyczalnia.csproj", "{7EA3321D-2BDE-4486-B45F-941ADEE5D937}"
EndProject
Global
	GlobalSection(SolutionConfigurationPlatforms) = preSolution
		Debug|Any CPU = Debug|Any CPU
		Release|Any CPU = Release|Any CPU
	EndGlobalSection
	GlobalSection(ProjectConfigurationPlatforms) = postSolution
		{7EA3321D-2BDE-4486-B45F-941ADEE5D937}.Debug|Any CPU.ActiveCfg = Debug|Any CPU
		{7EA3321D-2BDE-4486-B45F-941ADEE5D937}.Debug|Any CPU.Build.0 = Debug|Any CPU
		{7EA3321D-2BDE-4486-B45F-941ADEE5D937}.Release|Any CPU.ActiveCfg = Release|Any CPU
		{7EA3321D-2BDE-4486-B45F-941ADEE5D937}.Release|Any CPU.Build.0 = Release|Any CPU
	EndGlobalSection
	GlobalSection(SolutionProperties) = preSolution
		HideSolutionNode = FALSE
	EndGlobalSection
	GlobalSection(ExtensibilityGlobals) = postSolution
		SolutionGuid = {0DCCCE1D-C6AB-47D9-A75D-B323611ED8B9}
	EndGlobalSection
EndGlobal
